" Generated by vim-plug
" Fri 20 Nov 2020 23:45:12 CET
" :source this file in vim to restore the snapshot
" or execute: vim -S snapshot.vim

silent! let g:plugs['ale'].commit = '08295ce17405cb5f6c80d2f726262493bfd21210'
silent! let g:plugs['blamer.nvim'].commit = '11442047a3e00bce09b076e910e4e4a29bbebba0'
silent! let g:plugs['coc.nvim'].commit = 'f90cd46969e4a7bc2d9fc366bbfefc550df70e7a'
silent! let g:plugs['conflict-marker.vim'].commit = '6a9b8f92a57ea8a90cbf62c960db9e5894be2d7a'
silent! let g:plugs['crazy8.nvim'].commit = 'cfbb55e755df473fbded0742f880be8ea49641b4'
silent! let g:plugs['ctrlp-extensions.vim'].commit = '06f2cced5ab4846384fd67db613c9c844fcf4a5e'
silent! let g:plugs['ctrlp.vim'].commit = '971c4d41880b72dbbf1620b3ad91418a6a6f6b9c'
silent! let g:plugs['denite-extra'].commit = 'af18257544027ce89269dba70c12aba1f5b9e23c'
silent! let g:plugs['denite.nvim'].commit = '3868302180248a19967f32a3d0f2d0057612ae34'
silent! let g:plugs['diffchar.vim'].commit = 'ebd650c720418efa1dab48b158c33b018d3f74e6'
silent! let g:plugs['fzf.vim'].commit = '53b3aea0da5e3581e224c958dbc13558cbe5daee'
silent! let g:plugs['git-messenger.vim'].commit = 'c16b0d43ca57e77081f1f23f67552efe37110b39'
silent! let g:plugs['incsearch-fuzzy.vim'].commit = 'b08fa8fbfd633e2f756fde42bfb5251d655f5403'
silent! let g:plugs['incsearch.vim'].commit = '25e2547fb0566460f5999024f7a0de7b3775201f'
silent! let g:plugs['markdown-preview.nvim'].commit = 'c6bf4412b247ef09fab2adf3bc6f1056d0c57a4f'
silent! let g:plugs['neco-syntax'].commit = 'f8d7b748b022aac8ce73458574da5616f1c5fb65'
silent! let g:plugs['neomru.vim'].commit = 'd9b92f73f7d9158e803d72f2baeb7da9ea30040e'
silent! let g:plugs['neovim-colors-solarized-truecolor-only'].commit = 'e5aa9671c403ad9c74066fc3caf5cb06efafb700'
silent! let g:plugs['nerdtree'].commit = '14af89743ac1c31ff9bb43682025eda50333a7d5'
silent! let g:plugs['nerdtree-git-plugin'].commit = '9e33a3fe8aa90f5ece2439f3b1b3a98fe7e35f85'
silent! let g:plugs['nginx.vim'].commit = 'f21506f8cd9ae8a21bb82fcb67830e5e29d186c5'
silent! let g:plugs['nvim-miniyank'].commit = '2a3a0f3ae535e1b93a8c17dfdac718b9a12c772b'
silent! let g:plugs['quickfix-reflector.vim'].commit = '8e9c05a110b80ab66fc8bc3d5fe9e6fa168aada6'
silent! let g:plugs['salt-vim'].commit = '6ca9e3500cc39dd417b411435d58a1b720b331cc'
silent! let g:plugs['sideways.vim'].commit = '19c5a21206b6c9f999004256a10e7381450ea83f'
silent! let g:plugs['sparkup'].commit = 'd400a570bf64b0c216aa7c8e1795820b911a7404'
silent! let g:plugs['supertab'].commit = 'd80e8e2c1fa08607fa34c0ca5f1b66d8a906c5ef'
silent! let g:plugs['syntax-check-perl'].commit = '9ff0d97ceac8b9275212968dd3c4b6a037f8e2de'
silent! let g:plugs['tagbar'].commit = '9b8619bab586ac2d4791541f42e1664d38e6335d'
silent! let g:plugs['targets.vim'].commit = '8d6ff2984cdfaebe5b7a6eee8f226a6dd1226f2d'
silent! let g:plugs['tmux-complete.vim'].commit = '7237d8d8d60af7916e3b546a9f4f396df95a1b21'
silent! let g:plugs['ultisnips'].commit = 'b837416c1ffe39b168baee35c0938739e96211c5'
silent! let g:plugs['undotree'].commit = '9ceb50062135dd30de3da000d5fd46125f51887d'
silent! let g:plugs['unicode.vim'].commit = '631c0850dd0fa36d29c9cd20169735a60b41bd71'
silent! let g:plugs['unite-git'].commit = 'fdf7457e851ddcc278c7952398ecc904ead16f12'
silent! let g:plugs['unite-outline'].commit = '1c0f9c80b9d76421f697be161819106b91c151f3'
silent! let g:plugs['unite-perl-module'].commit = '78ce11c1aea7e433f172accca5edaf37263fdb81'
silent! let g:plugs['unite.vim'].commit = '787c777ff2fedd46fc10e315bdfea339fe016d33'
silent! let g:plugs['vim-airline'].commit = '91a8ada0f9fc589b57fe8aa459c8961c3a27287e'
silent! let g:plugs['vim-airline-themes'].commit = 'cd6f16978d5af4b9fb861be9d728732d72789df3'
silent! let g:plugs['vim-argwrap'].commit = 'f3d122d9b167ea9489aad8d99c278fe4f3f4e951'
silent! let g:plugs['vim-autoswap'].commit = 'e587e4b14a605d8921942ba65a37583813289272'
silent! let g:plugs['vim-closetag'].commit = 'bd6bbc33c7e178673aa1dd17a5d249bbd4e3a6a6'
silent! let g:plugs['vim-commentary'].commit = 'f8238d70f873969fb41bf6a6b07ca63a4c0b82b1'
silent! let g:plugs['vim-conflicted'].commit = '068c320796f807ac4961618e3e62316773803996'
silent! let g:plugs['vim-css-color'].commit = '4694c6ea03a065a3f6ddbebce56797a21e8241ef'
silent! let g:plugs['vim-ctrlp-help'].commit = 'f7dbcfd0602030e081e07f31d51bfaa0bf4c9290'
silent! let g:plugs['vim-ctrlp-unicode'].commit = '6daf3d6bfbc002a784a471aa42cee713808b59bd'
silent! let g:plugs['vim-devicons'].commit = '383159d338024f09e4d56585a9301958b6fefad6'
silent! let g:plugs['vim-diff-enhanced'].commit = 'c6d4404251206fbb21ef6524b8a24d859097e689'
silent! let g:plugs['vim-dispatch'].commit = 'fe6a34322829e466a7e8ce710a6ac5eabddff9fd'
silent! let g:plugs['vim-easy-align'].commit = '12dd6316974f71ce333e360c0260b4e1f81169c3'
silent! let g:plugs['vim-eunuch'].commit = '4a4bf16b499dcde371c05c77ed4083c4b5228278'
silent! let g:plugs['vim-fetch'].commit = 'dd674b50b261275a6a75cab6929b7bb7c5c4acba'
silent! let g:plugs['vim-fugitive'].commit = '1a77f1c00e12e8460f39098ec3289c5433d32512'
silent! let g:plugs['vim-fugitive-blame-ext'].commit = '0c9355deeb235f89f50e3e9f362469826efcfb6a'
silent! let g:plugs['vim-gh-line'].commit = '119fd11a6d504e9c672b6361338fe1382de9399d'
silent! let g:plugs['vim-gitgutter'].commit = 'a1f9f1f728858892c82d27c7ab0216410d299757'
silent! let g:plugs['vim-go'].commit = 'baaf2d6ebcffd8d5674c9c5518cc0e2b5cdd0db4'
silent! let g:plugs['vim-gutentags'].commit = '50705e8ebb7038b31314f416d1bddd9cb9154049'
silent! let g:plugs['vim-indent-guides'].commit = '54d889a63716ee2f1818aa2ec5082db47147147b'
silent! let g:plugs['vim-indent-object'].commit = '5c5b24c959478929b54a9e831a8e2e651a465965'
silent! let g:plugs['vim-interestingwords'].commit = 'e59f97aca15c6180e6f3aceaf4f7b50ca04326ed'
silent! let g:plugs['vim-lastplace'].commit = '48ba343c8c1ca3039224727096aae214f51327d1'
silent! let g:plugs['vim-lion'].commit = 'ce46593ecd60e6051fb6e4d3986d2fc9f5a618b1'
silent! let g:plugs['vim-matchup'].commit = '309c3a74e766fa9b8d5a0372830105cc65dbd022'
silent! let g:plugs['vim-mergetool'].commit = '0275a85256ad173e3cde586d54f66566c01b607f'
silent! let g:plugs['vim-nerdtree-syntax-highlight'].commit = '1acc12aa7f773ede38538293332905f1ba3fea6a'
silent! let g:plugs['vim-perl'].commit = 'f330b5d474c44e6cfae22ba50868093dea3e9adb'
silent! let g:plugs['vim-perl6'].commit = '927f4fa4e26db043af1c5c5c3956f1bfef5bdb20'
silent! let g:plugs['vim-polyglot'].commit = 'ab0ff253f6ab3cd9d42b6be38d4d912bad5415f9'
silent! let g:plugs['vim-repeat'].commit = 'c947ad2b6a16983724a0153bdf7f66d7a80a32ca'
silent! let g:plugs['vim-rust-syntax-ext'].commit = '019cd6ac05aa6da7179945911cadc8a21d6e1abc'
silent! let g:plugs['vim-schlepp'].commit = 'dfe67ad49d534e6c442d589c558da7b3ab052f03'
silent! let g:plugs['vim-scrollstatus'].commit = '074266990fb484f44d1ef7558532870049bcf360'
silent! let g:plugs['vim-search-pulse'].commit = '9f8f473e3813bd76ecb66e8d6182d96bda39b6df'
silent! let g:plugs['vim-searchindex'].commit = 'b0788c8213210b3bd23b62847dd5a9ebbe4ad648'
silent! let g:plugs['vim-shortcut'].commit = 'b4ee986ceb3d75258a5088e42c55cb0f559aa15c'
silent! let g:plugs['vim-signature'].commit = '6bc3dd1294a22e897f0dcf8dd72b85f350e306bc'
silent! let g:plugs['vim-smoothie'].commit = 'd3de4fbd7a9331b3eb05fa632611ebd34882cc83'
silent! let g:plugs['vim-sneak'].commit = '65e5e4668371152c6ef7a6269c6a6b960cef21b4'
silent! let g:plugs['vim-snippets'].commit = 'e438b06d59115d4b491f7aa73d3140af44f86175'
silent! let g:plugs['vim-startify'].commit = 'f2fc11844b234479d37bef37faa7ceb2aade788b'
silent! let g:plugs['vim-surround'].commit = 'f51a26d3710629d031806305b6c8727189cd1935'
silent! let g:plugs['vim-sxhkdrc'].commit = '85ffdfe8b8a46cbc070d4ac9ec774a4964a49575'
silent! let g:plugs['vim-tmux'].commit = '7e7680fb1bb05bca1c800213b265f45433ed1e33'
silent! let g:plugs['vim-unstack'].commit = '163cf1219dc7363d55ca1c29808406d0a9c6635e'
silent! let g:plugs['vitality.vim'].commit = '1b8db4a24d0718b4d764e7e86912c20e389fa098'

PlugUpdate!

