" Generated by vim-plug
" Mon 29 Mar 2021 04:55:07 CEST
" :source this file in vim to restore the snapshot
" or execute: vim -S snapshot.vim

silent! let g:plugs['ale'].commit = '388cf3374312b05122151bc68691bf09a69ff840'
silent! let g:plugs['blamer.nvim'].commit = '35a1e9558eb72c0fd3a16040fdaef611344cf0f1'
silent! let g:plugs['coc.nvim'].commit = '67fb4d138f34c12c6b44d87be66ede26d51b95c2'
silent! let g:plugs['conflict-marker.vim'].commit = '6a9b8f92a57ea8a90cbf62c960db9e5894be2d7a'
silent! let g:plugs['crazy8.nvim'].commit = 'cfbb55e755df473fbded0742f880be8ea49641b4'
silent! let g:plugs['ctrlp-extensions.vim'].commit = 'ecf3323e314d972cde8bf07ab24f9201f12a3598'
silent! let g:plugs['ctrlp.vim'].commit = '971c4d41880b72dbbf1620b3ad91418a6a6f6b9c'
silent! let g:plugs['denite-extra'].commit = 'af18257544027ce89269dba70c12aba1f5b9e23c'
silent! let g:plugs['denite.nvim'].commit = '7cce9b9e9e1d2c44e07574572f730018d9c7ab9a'
silent! let g:plugs['diffchar.vim'].commit = 'ebd650c720418efa1dab48b158c33b018d3f74e6'
silent! let g:plugs['fzf.vim'].commit = 'caf7754b2636eabdf1bc11d30daccc5de66951ef'
silent! let g:plugs['git-messenger.vim'].commit = '6fe62ce47491953487dac540964a4cfb037be7f3'
silent! let g:plugs['incsearch-fuzzy.vim'].commit = 'b08fa8fbfd633e2f756fde42bfb5251d655f5403'
silent! let g:plugs['incsearch.vim'].commit = '25e2547fb0566460f5999024f7a0de7b3775201f'
silent! let g:plugs['markdown-preview.nvim'].commit = 'e5bfe9b89dc9c2fbd24ed0f0596c85fd0568b143'
silent! let g:plugs['neco-syntax'].commit = 'f8d7b748b022aac8ce73458574da5616f1c5fb65'
silent! let g:plugs['neomru.vim'].commit = 'd9b92f73f7d9158e803d72f2baeb7da9ea30040e'
silent! let g:plugs['neovim-colors-solarized-truecolor-only'].commit = 'e5aa9671c403ad9c74066fc3caf5cb06efafb700'
silent! let g:plugs['nerdtree'].commit = '81f3eaba295b3fceb2d032db57e5eae99ae480f8'
silent! let g:plugs['nerdtree-git-plugin'].commit = 'dd0e0ecc1ba532b8f7d162fc1a229239225c55dd'
silent! let g:plugs['nginx.vim'].commit = '7b8e3ef48d8e60fe64bb1a85be52e66dd412c84d'
silent! let g:plugs['nvim-miniyank'].commit = '2a3a0f3ae535e1b93a8c17dfdac718b9a12c772b'
silent! let g:plugs['quickfix-reflector.vim'].commit = '8e9c05a110b80ab66fc8bc3d5fe9e6fa168aada6'
silent! let g:plugs['salt-vim'].commit = '6ca9e3500cc39dd417b411435d58a1b720b331cc'
silent! let g:plugs['sideways.vim'].commit = '171d6a39eb46973b229aaf1d88691e40d45f64ad'
silent! let g:plugs['sparkup'].commit = 'd400a570bf64b0c216aa7c8e1795820b911a7404'
silent! let g:plugs['supertab'].commit = 'd80e8e2c1fa08607fa34c0ca5f1b66d8a906c5ef'
silent! let g:plugs['syntax-check-perl'].commit = '9ff0d97ceac8b9275212968dd3c4b6a037f8e2de'
silent! let g:plugs['tagbar'].commit = 'f6012cb65da4bda46b0779a36840df36ad01483e'
silent! let g:plugs['targets.vim'].commit = '8d6ff2984cdfaebe5b7a6eee8f226a6dd1226f2d'
silent! let g:plugs['tmux-complete.vim'].commit = '87f6f96c73b599554d1d7f313413d7f9d0336096'
silent! let g:plugs['ultisnips'].commit = '66d81fc2c0bda30be69fffa46da0932ee8d5ddd5'
silent! let g:plugs['undotree'].commit = 'da7aeb3dc307a2995b6b761fe94cad61da9845e0'
silent! let g:plugs['unicode.vim'].commit = 'afb8db4f81580771c39967e89bc5772e72b9018e'
silent! let g:plugs['unite-git'].commit = 'fdf7457e851ddcc278c7952398ecc904ead16f12'
silent! let g:plugs['unite-outline'].commit = '1c0f9c80b9d76421f697be161819106b91c151f3'
silent! let g:plugs['unite-perl-module'].commit = '78ce11c1aea7e433f172accca5edaf37263fdb81'
silent! let g:plugs['unite.vim'].commit = 'b08814362624ded3b462addba4711647879ca308'
silent! let g:plugs['vim-airline'].commit = 'ed60e1d36912f64fdbed5640532b1067e11557ca'
silent! let g:plugs['vim-airline-themes'].commit = 'fa808d74e0aacf131337b58f01ee45fd3d3588af'
silent! let g:plugs['vim-argwrap'].commit = 'f3d122d9b167ea9489aad8d99c278fe4f3f4e951'
silent! let g:plugs['vim-autoswap'].commit = 'e587e4b14a605d8921942ba65a37583813289272'
silent! let g:plugs['vim-closetag'].commit = 'c0779ef575d5c239162f4ca3506cfb4a95d45a58'
silent! let g:plugs['vim-commentary'].commit = '349340debb34f6302931f0eb7139b2c11dfdf427'
silent! let g:plugs['vim-conflicted'].commit = '068c320796f807ac4961618e3e62316773803996'
silent! let g:plugs['vim-css-color'].commit = '8dd7f1bf25acee493a5114e627ea90a9850c5fa8'
silent! let g:plugs['vim-ctrlp-help'].commit = 'f7dbcfd0602030e081e07f31d51bfaa0bf4c9290'
silent! let g:plugs['vim-ctrlp-unicode'].commit = '6daf3d6bfbc002a784a471aa42cee713808b59bd'
silent! let g:plugs['vim-devicons'].commit = '4d14cb82cf7381c2f8eca284d1a757faaa73b159'
silent! let g:plugs['vim-diff-enhanced'].commit = 'c6d4404251206fbb21ef6524b8a24d859097e689'
silent! let g:plugs['vim-dispatch'].commit = '4313cbb398d8b61b08be09f9b5a9ae4270c86004'
silent! let g:plugs['vim-easy-align'].commit = '12dd6316974f71ce333e360c0260b4e1f81169c3'
silent! let g:plugs['vim-eunuch'].commit = '4a4bf16b499dcde371c05c77ed4083c4b5228278'
silent! let g:plugs['vim-fetch'].commit = '0a6ab17e84c7f4808bf05ec380121bce40b40d21'
silent! let g:plugs['vim-fugitive'].commit = '258dd16938ba0dde57c05d4ba871f53af8fe9386'
silent! let g:plugs['vim-fugitive-blame-ext'].commit = '0c9355deeb235f89f50e3e9f362469826efcfb6a'
silent! let g:plugs['vim-gh-line'].commit = '4ca32f57f5f95cd3436c3f9ee7657a9b9c0ca763'
silent! let g:plugs['vim-gitgutter'].commit = '24cc47789557827209add5881c226243711475ce'
silent! let g:plugs['vim-go'].commit = 'bd89f4734555c60f53acaf21731bd43617e6e526'
silent! let g:plugs['vim-gutentags'].commit = '50705e8ebb7038b31314f416d1bddd9cb9154049'
silent! let g:plugs['vim-indent-guides'].commit = '54d889a63716ee2f1818aa2ec5082db47147147b'
silent! let g:plugs['vim-indent-object'].commit = '5c5b24c959478929b54a9e831a8e2e651a465965'
silent! let g:plugs['vim-interestingwords'].commit = 'e59f97aca15c6180e6f3aceaf4f7b50ca04326ed'
silent! let g:plugs['vim-lastplace'].commit = 'af91003c4852e94abc508a3c67bb92958c56fcbe'
silent! let g:plugs['vim-lion'].commit = 'ce46593ecd60e6051fb6e4d3986d2fc9f5a618b1'
silent! let g:plugs['vim-matchup'].commit = 'e477123fcc47cc419d04beee6695d8558272ca8c'
silent! let g:plugs['vim-mergetool'].commit = '0275a85256ad173e3cde586d54f66566c01b607f'
silent! let g:plugs['vim-nerdtree-syntax-highlight'].commit = '5178ee4d7f4e7761187df30bb709f703d91df18a'
silent! let g:plugs['vim-perl'].commit = 'f330b5d474c44e6cfae22ba50868093dea3e9adb'
silent! let g:plugs['vim-perl6'].commit = '927f4fa4e26db043af1c5c5c3956f1bfef5bdb20'
silent! let g:plugs['vim-polyglot'].commit = 'cc63193ce82c1e7b9ee2ad7d0ddd14e8394211ef'
silent! let g:plugs['vim-repeat'].commit = '24afe922e6a05891756ecf331f39a1f6743d3d5a'
silent! let g:plugs['vim-rust-syntax-ext'].commit = '019cd6ac05aa6da7179945911cadc8a21d6e1abc'
silent! let g:plugs['vim-schlepp'].commit = 'dfe67ad49d534e6c442d589c558da7b3ab052f03'
silent! let g:plugs['vim-scrollstatus'].commit = 'a4ac7d43f0d470cb91f821d523bd2d0b04bedac4'
silent! let g:plugs['vim-search-pulse'].commit = '9f8f473e3813bd76ecb66e8d6182d96bda39b6df'
silent! let g:plugs['vim-searchindex'].commit = 'b0788c8213210b3bd23b62847dd5a9ebbe4ad648'
silent! let g:plugs['vim-shortcut'].commit = 'b4ee986ceb3d75258a5088e42c55cb0f559aa15c'
silent! let g:plugs['vim-signature'].commit = '6bc3dd1294a22e897f0dcf8dd72b85f350e306bc'
silent! let g:plugs['vim-smoothie'].commit = '10fd0aa57d176718bc2c570f121ab523c4429a25'
silent! let g:plugs['vim-sneak'].commit = '65e5e4668371152c6ef7a6269c6a6b960cef21b4'
silent! let g:plugs['vim-snippets'].commit = '67e506c5598c19de4fcdf8780377a92aaddfdbad'
silent! let g:plugs['vim-startify'].commit = 'd663f4db7a572f9a56c39ae17801a5a7eae81d20'
silent! let g:plugs['vim-surround'].commit = 'f51a26d3710629d031806305b6c8727189cd1935'
silent! let g:plugs['vim-sxhkdrc'].commit = '7b8abc305ba346c3af7d57da0ebec2b2f2d3f5b0'
silent! let g:plugs['vim-tmux'].commit = '7e7680fb1bb05bca1c800213b265f45433ed1e33'
silent! let g:plugs['vim-unstack'].commit = '9b191419b4d3f26225a5ae3df5e409c62b426941'
silent! let g:plugs['vitality.vim'].commit = '1b8db4a24d0718b4d764e7e86912c20e389fa098'

PlugUpdate!

